
Microsoft Visual Studio Solution File, Format Version 12.00
# Visual Studio Version 16
VisualStudioVersion = 16.0.28803.202
MinimumVisualStudioVersion = 10.0.40219.1
Project("{FAE04EC0-301F-11D3-BF4B-00C04F79EFBC}") = "Moment_Calculation", "Moment_Calculation.csproj", "{89A1DEFE-F5F2-4410-82A8-7F8688E7ECB9}"
EndProject
Global
	GlobalSection(SolutionConfigurationPlatforms) = preSolution
		Debug|Any CPU = Debug|Any CPU
		Release|Any CPU = Release|Any CPU
	EndGlobalSection
	GlobalSection(ProjectConfigurationPlatforms) = postSolution
		{89A1DEFE-F5F2-4410-82A8-7F8688E7ECB9}.Debug|Any CPU.ActiveCfg = Release|Any CPU
		{89A1DEFE-F5F2-4410-82A8-7F8688E7ECB9}.Debug|Any CPU.Build.0 = Release|Any CPU
		{89A1DEFE-F5F2-4410-82A8-7F8688E7ECB9}.Release|Any CPU.ActiveCfg = Release|Any CPU
		{89A1DEFE-F5F2-4410-82A8-7F8688E7ECB9}.Release|Any CPU.Build.0 = Release|Any CPU
	EndGlobalSection
	GlobalSection(SolutionProperties) = preSolution
		HideSolutionNode = FALSE
	EndGlobalSection
	GlobalSection(ExtensibilityGlobals) = postSolution
		SolutionGuid = {4D5FBCB8-5033-41C6-8D55-F39E84824C80}
	EndGlobalSection
EndGlobal
